{
    "_readme": [
        "This file locks the dependencies of your project to a known state",
        "Read more about it at http://getcomposer.org/doc/01-basic-usage.md#composer-lock-the-lock-file",
        "This file is @generated automatically"
    ],
    "hash": "6e02bda70eef943f1c3e4449a5fd61d2",
    "packages": [
        {
            "name": "beberlei/assert",
            "version": "v1.7",
            "source": {
                "type": "git",
                "url": "https://github.com/beberlei/assert.git",
                "reference": "97515db6b6c8fb254f5c3ce5730cdfa5a1e3fbf4"
            },
            "dist": {
                "type": "zip",
                "url": "https://api.github.com/repos/beberlei/assert/zipball/97515db6b6c8fb254f5c3ce5730cdfa5a1e3fbf4",
                "reference": "97515db6b6c8fb254f5c3ce5730cdfa5a1e3fbf4",
                "shasum": ""
            },
            "require": {
                "ext-mbstring": "*"
            },
            "type": "library",
            "autoload": {
                "psr-0": {
                    "Assert": "lib/"
                }
            },
            "notification-url": "https://packagist.org/downloads/",
            "license": [
                "BSD-2-Clause"
            ],
            "authors": [
                {
                    "name": "Benjamin Eberlei",
                    "email": "kontakt@beberlei.de"
                }
            ],
            "description": "Thin assertion library for input validation in business models.",
            "keywords": [
                "assert",
                "assertion",
                "validation"
            ],
            "time": "2014-01-25 08:48:48"
        },
        {
            "name": "psr/log",
            "version": "dev-master",
            "source": {
                "type": "git",
                "url": "https://github.com/php-fig/log.git",
                "reference": "1af1529b49a6e065ae6802e70192aba35d79b7d8"
            },
            "dist": {
                "type": "zip",
                "url": "https://api.github.com/repos/php-fig/log/zipball/1af1529b49a6e065ae6802e70192aba35d79b7d8",
                "reference": "1af1529b49a6e065ae6802e70192aba35d79b7d8",
                "shasum": ""
            },
            "type": "library",
            "extra": {
                "branch-alias": {
                    "dev-master": "1.0.x-dev"
                }
            },
            "autoload": {
                "psr-0": {
                    "Psr\\Log\\": ""
                }
            },
            "notification-url": "https://packagist.org/downloads/",
            "license": [
                "MIT"
            ],
            "authors": [
                {
                    "name": "PHP-FIG",
                    "homepage": "http://www.php-fig.org/"
                }
            ],
            "description": "Common interface for logging libraries",
            "keywords": [
                "log",
                "psr",
                "psr-3"
            ],
            "time": "2015-02-05 09:32:11"
        },
        {
            "name": "ruflin/elastica",
            "version": "v1.4.3.0",
            "source": {
                "type": "git",
                "url": "https://github.com/ruflin/Elastica.git",
                "reference": "bfa9363bf2aa62af5907135863661c6c78a68ee4"
            },
            "dist": {
                "type": "zip",
                "url": "https://api.github.com/repos/ruflin/Elastica/zipball/bfa9363bf2aa62af5907135863661c6c78a68ee4",
                "reference": "bfa9363bf2aa62af5907135863661c6c78a68ee4",
                "shasum": ""
            },
            "require": {
                "php": ">=5.3.3",
                "psr/log": "~1.0"
            },
            "require-dev": {
                "fabpot/php-cs-fixer": "~1.4",
                "munkie/elasticsearch-thrift-php": "1.4.*",
                "phpunit/phpunit": "4.1.*"
            },
            "suggest": {
                "egeloen/http-adapter": "Allow using httpadapter transport",
                "guzzlehttp/guzzle": "Allow using guzzle 4.x as the http transport (Requires php 5.4)",
                "monolog/monolog": "Logging request",
                "munkie/elasticsearch-thrift-php": "Allow using thrift transport"
            },
            "type": "library",
            "extra": {
                "branch-alias": {
                    "dev-master": "1.4.x-dev"
                }
            },
            "autoload": {
                "psr-4": {
                    "Elastica\\": "lib/Elastica/",
                    "Elastica\\Test\\": "test/lib/Elastica/Test/"
                }
            },
            "notification-url": "https://packagist.org/downloads/",
            "license": [
                "MIT"
            ],
            "authors": [
                {
                    "name": "Nicolas Ruflin",
                    "homepage": "http://ruflin.com/"
                }
            ],
            "description": "Elasticsearch Client",
            "homepage": "http://elastica.io/",
            "keywords": [
                "client",
                "search"
            ],
            "time": "2015-02-17 19:57:36"
        }
    ],
    "packages-dev": [
        {
            "name": "lapistano/proxy-object",
            "version": "dev-master",
            "source": {
                "type": "git",
                "url": "https://github.com/lapistano/proxy-object.git",
                "reference": "d3052830412c1526380c4b97d982a4bce80c9de8"
            },
            "dist": {
                "type": "zip",
                "url": "https://api.github.com/repos/lapistano/proxy-object/zipball/d3052830412c1526380c4b97d982a4bce80c9de8",
                "reference": "d3052830412c1526380c4b97d982a4bce80c9de8",
                "shasum": ""
            },
            "require": {
                "php": ">=5.3.2"
            },
            "require-dev": {
                "phpunit/phpunit": "@stable"
            },
            "type": "library",
            "autoload": {
                "psr-0": {
                    "lapistano\\ProxyObject": "src/"
                }
            },
            "notification-url": "https://packagist.org/downloads/",
            "license": [
                "Apache 2.0"
            ],
            "authors": [
                {
                    "name": "Bastian Feder",
                    "email": "lapis@bastian-feder.de",
                    "homepage": "http://blog.bastian-feder.de"
                }
            ],
            "description": "A library that makes it much easier to generate a proxy of your system under test (SUT)",
            "homepage": "http://www.github.com/lapistano/proxy-object",
            "keywords": [
                "phpunit",
                "proxy-object",
                "testing"
            ],
            "time": "2014-07-11 12:51:34"
        }
    ],
    "aliases": [],
    "minimum-stability": "dev",
    "stability-flags": {
        "lapistano/proxy-object": 20
    },
    "prefer-stable": false,
    "prefer-lowest": false,
    "platform": {
        "php": ">=5.3.8"
    },
    "platform-dev": []
}
